// !$*UTF8*$!
{
	archiveVersion = 1;
	classes = {
	};
	objectVersion = 77;
	objects = {

/* Begin PBXBuildFile section */
		08F8393904CE7986D49263E9 /* Pods_XBikeAppSwiftUI_XBikeAppSwiftUIUITests.framework in Frameworks */ = {isa = PBXBuildFile; fileRef = CE90655C9E00118EEECEB150 /* Pods_XBikeAppSwiftUI_XBikeAppSwiftUIUITests.framework */; };
		2498FCB76E3BA34686F71BD7 /* Pods_XBikeAppSwiftUITests.framework in Frameworks */ = {isa = PBXBuildFile; fileRef = 90093E0EC119238B44F185F2 /* Pods_XBikeAppSwiftUITests.framework */; };
		B6DE8B4278DAFF48658FCB49 /* Pods_XBikeAppSwiftUI.framework in Frameworks */ = {isa = PBXBuildFile; fileRef = 240CB446ED755C0379EFBC5A /* Pods_XBikeAppSwiftUI.framework */; };
/* End PBXBuildFile section */

/* Begin PBXContainerItemProxy section */
		FACAC39E2D94746900F7F7B8 /* PBXContainerItemProxy */ = {
			isa = PBXContainerItemProxy;
			containerPortal = FACAC3852D94746700F7F7B8 /* Project object */;
			proxyType = 1;
			remoteGlobalIDString = FACAC38C2D94746800F7F7B8;
			remoteInfo = XBikeAppSwiftUI;
		};
		FACAC3A82D94746900F7F7B8 /* PBXContainerItemProxy */ = {
			isa = PBXContainerItemProxy;
			containerPortal = FACAC3852D94746700F7F7B8 /* Project object */;
			proxyType = 1;
			remoteGlobalIDString = FACAC38C2D94746800F7F7B8;
			remoteInfo = XBikeAppSwiftUI;
		};
/* End PBXContainerItemProxy section */

/* Begin PBXFileReference section */
		240CB446ED755C0379EFBC5A /* Pods_XBikeAppSwiftUI.framework */ = {isa = PBXFileReference; explicitFileType = wrapper.framework; includeInIndex = 0; path = Pods_XBikeAppSwiftUI.framework; sourceTree = BUILT_PRODUCTS_DIR; };
		667C30365619F320759A8A53 /* Pods-XBikeAppSwiftUI.debug.xcconfig */ = {isa = PBXFileReference; includeInIndex = 1; lastKnownFileType = text.xcconfig; name = "Pods-XBikeAppSwiftUI.debug.xcconfig"; path = "Target Support Files/Pods-XBikeAppSwiftUI/Pods-XBikeAppSwiftUI.debug.xcconfig"; sourceTree = "<group>"; };
		6D522BF6E4843A3D433BDF28 /* Pods-XBikeAppSwiftUITests.release.xcconfig */ = {isa = PBXFileReference; includeInIndex = 1; lastKnownFileType = text.xcconfig; name = "Pods-XBikeAppSwiftUITests.release.xcconfig"; path = "Target Support Files/Pods-XBikeAppSwiftUITests/Pods-XBikeAppSwiftUITests.release.xcconfig"; sourceTree = "<group>"; };
		90093E0EC119238B44F185F2 /* Pods_XBikeAppSwiftUITests.framework */ = {isa = PBXFileReference; explicitFileType = wrapper.framework; includeInIndex = 0; path = Pods_XBikeAppSwiftUITests.framework; sourceTree = BUILT_PRODUCTS_DIR; };
		A6F8AF05361CA801D57E7E39 /* Pods-XBikeAppSwiftUI.release.xcconfig */ = {isa = PBXFileReference; includeInIndex = 1; lastKnownFileType = text.xcconfig; name = "Pods-XBikeAppSwiftUI.release.xcconfig"; path = "Target Support Files/Pods-XBikeAppSwiftUI/Pods-XBikeAppSwiftUI.release.xcconfig"; sourceTree = "<group>"; };
		B371CFA1D04C8176EC73825A /* Pods-XBikeAppSwiftUI-XBikeAppSwiftUIUITests.debug.xcconfig */ = {isa = PBXFileReference; includeInIndex = 1; lastKnownFileType = text.xcconfig; name = "Pods-XBikeAppSwiftUI-XBikeAppSwiftUIUITests.debug.xcconfig"; path = "Target Support Files/Pods-XBikeAppSwiftUI-XBikeAppSwiftUIUITests/Pods-XBikeAppSwiftUI-XBikeAppSwiftUIUITests.debug.xcconfig"; sourceTree = "<group>"; };
		CBBCE6D0443C52FCBB1A4397 /* Pods-XBikeAppSwiftUI-XBikeAppSwiftUIUITests.release.xcconfig */ = {isa = PBXFileReference; includeInIndex = 1; lastKnownFileType = text.xcconfig; name = "Pods-XBikeAppSwiftUI-XBikeAppSwiftUIUITests.release.xcconfig"; path = "Target Support Files/Pods-XBikeAppSwiftUI-XBikeAppSwiftUIUITests/Pods-XBikeAppSwiftUI-XBikeAppSwiftUIUITests.release.xcconfig"; sourceTree = "<group>"; };
		CE90655C9E00118EEECEB150 /* Pods_XBikeAppSwiftUI_XBikeAppSwiftUIUITests.framework */ = {isa = PBXFileReference; explicitFileType = wrapper.framework; includeInIndex = 0; path = Pods_XBikeAppSwiftUI_XBikeAppSwiftUIUITests.framework; sourceTree = BUILT_PRODUCTS_DIR; };
		FACAC38D2D94746800F7F7B8 /* XBikeAppSwiftUI.app */ = {isa = PBXFileReference; explicitFileType = wrapper.application; includeInIndex = 0; path = XBikeAppSwiftUI.app; sourceTree = BUILT_PRODUCTS_DIR; };
		FACAC39D2D94746900F7F7B8 /* XBikeAppSwiftUITests.xctest */ = {isa = PBXFileReference; explicitFileType = wrapper.cfbundle; includeInIndex = 0; path = XBikeAppSwiftUITests.xctest; sourceTree = BUILT_PRODUCTS_DIR; };
		FACAC3A72D94746900F7F7B8 /* XBikeAppSwiftUIUITests.xctest */ = {isa = PBXFileReference; explicitFileType = wrapper.cfbundle; includeInIndex = 0; path = XBikeAppSwiftUIUITests.xctest; sourceTree = BUILT_PRODUCTS_DIR; };
		FBACFB943195F8CEC9669C27 /* Pods-XBikeAppSwiftUITests.debug.xcconfig */ = {isa = PBXFileReference; includeInIndex = 1; lastKnownFileType = text.xcconfig; name = "Pods-XBikeAppSwiftUITests.debug.xcconfig"; path = "Target Support Files/Pods-XBikeAppSwiftUITests/Pods-XBikeAppSwiftUITests.debug.xcconfig"; sourceTree = "<group>"; };
/* End PBXFileReference section */

/* Begin PBXFileSystemSynchronizedRootGroup section */
		FACAC38F2D94746800F7F7B8 /* XBikeAppSwiftUI */ = {
			isa = PBXFileSystemSynchronizedRootGroup;
			path = XBikeAppSwiftUI;
			sourceTree = "<group>";
		};
		FACAC3A02D94746900F7F7B8 /* XBikeAppSwiftUITests */ = {
			isa = PBXFileSystemSynchronizedRootGroup;
			path = XBikeAppSwiftUITests;
			sourceTree = "<group>";
		};
		FACAC3AA2D94746900F7F7B8 /* XBikeAppSwiftUIUITests */ = {
			isa = PBXFileSystemSynchronizedRootGroup;
			path = XBikeAppSwiftUIUITests;
			sourceTree = "<group>";
		};
/* End PBXFileSystemSynchronizedRootGroup section */

/* Begin PBXFrameworksBuildPhase section */
		FACAC38A2D94746800F7F7B8 /* Frameworks */ = {
			isa = PBXFrameworksBuildPhase;
			buildActionMask = 2147483647;
			files = (
				B6DE8B4278DAFF48658FCB49 /* Pods_XBikeAppSwiftUI.framework in Frameworks */,
			);
			runOnlyForDeploymentPostprocessing = 0;
		};
		FACAC39A2D94746900F7F7B8 /* Frameworks */ = {
			isa = PBXFrameworksBuildPhase;
			buildActionMask = 2147483647;
			files = (
				2498FCB76E3BA34686F71BD7 /* Pods_XBikeAppSwiftUITests.framework in Frameworks */,
			);
			runOnlyForDeploymentPostprocessing = 0;
		};
		FACAC3A42D94746900F7F7B8 /* Frameworks */ = {
			isa = PBXFrameworksBuildPhase;
			buildActionMask = 2147483647;
			files = (
				08F8393904CE7986D49263E9 /* Pods_XBikeAppSwiftUI_XBikeAppSwiftUIUITests.framework in Frameworks */,
			);
			runOnlyForDeploymentPostprocessing = 0;
		};
/* End PBXFrameworksBuildPhase section */

/* Begin PBXGroup section */
		9D75C994808D872912B5C9D9 /* Pods */ = {
			isa = PBXGroup;
			children = (
				667C30365619F320759A8A53 /* Pods-XBikeAppSwiftUI.debug.xcconfig */,
				A6F8AF05361CA801D57E7E39 /* Pods-XBikeAppSwiftUI.release.xcconfig */,
				B371CFA1D04C8176EC73825A /* Pods-XBikeAppSwiftUI-XBikeAppSwiftUIUITests.debug.xcconfig */,
				CBBCE6D0443C52FCBB1A4397 /* Pods-XBikeAppSwiftUI-XBikeAppSwiftUIUITests.release.xcconfig */,
				FBACFB943195F8CEC9669C27 /* Pods-XBikeAppSwiftUITests.debug.xcconfig */,
				6D522BF6E4843A3D433BDF28 /* Pods-XBikeAppSwiftUITests.release.xcconfig */,
			);
			path = Pods;
			sourceTree = "<group>";
		};
		A1F84C3142948D296EF51372 /* Frameworks */ = {
			isa = PBXGroup;
			children = (
				240CB446ED755C0379EFBC5A /* Pods_XBikeAppSwiftUI.framework */,
				CE90655C9E00118EEECEB150 /* Pods_XBikeAppSwiftUI_XBikeAppSwiftUIUITests.framework */,
				90093E0EC119238B44F185F2 /* Pods_XBikeAppSwiftUITests.framework */,
			);
			name = Frameworks;
			sourceTree = "<group>";
		};
		FACAC3842D94746700F7F7B8 = {
			isa = PBXGroup;
			children = (
				FACAC38F2D94746800F7F7B8 /* XBikeAppSwiftUI */,
				FACAC3A02D94746900F7F7B8 /* XBikeAppSwiftUITests */,
				FACAC3AA2D94746900F7F7B8 /* XBikeAppSwiftUIUITests */,
				FACAC38E2D94746800F7F7B8 /* Products */,
				9D75C994808D872912B5C9D9 /* Pods */,
				A1F84C3142948D296EF51372 /* Frameworks */,
			);
			sourceTree = "<group>";
		};
		FACAC38E2D94746800F7F7B8 /* Products */ = {
			isa = PBXGroup;
			children = (
				FACAC38D2D94746800F7F7B8 /* XBikeAppSwiftUI.app */,
				FACAC39D2D94746900F7F7B8 /* XBikeAppSwiftUITests.xctest */,
				FACAC3A72D94746900F7F7B8 /* XBikeAppSwiftUIUITests.xctest */,
			);
			name = Products;
			sourceTree = "<group>";
		};
/* End PBXGroup section */

/* Begin PBXNativeTarget section */
		FACAC38C2D94746800F7F7B8 /* XBikeAppSwiftUI */ = {
			isa = PBXNativeTarget;
			buildConfigurationList = FACAC3B12D94746900F7F7B8 /* Build configuration list for PBXNativeTarget "XBikeAppSwiftUI" */;
			buildPhases = (
				8AFD7E3202610DBA761EA44F /* [CP] Check Pods Manifest.lock */,
				FACAC3892D94746800F7F7B8 /* Sources */,
				FACAC38A2D94746800F7F7B8 /* Frameworks */,
				FACAC38B2D94746800F7F7B8 /* Resources */,
				318D524CBB67D3D3C0A986CE /* [CP] Copy Pods Resources */,
			);
			buildRules = (
			);
			dependencies = (
			);
			fileSystemSynchronizedGroups = (
				FACAC38F2D94746800F7F7B8 /* XBikeAppSwiftUI */,
			);
			name = XBikeAppSwiftUI;
			productName = XBikeAppSwiftUI;
			productReference = FACAC38D2D94746800F7F7B8 /* XBikeAppSwiftUI.app */;
			productType = "com.apple.product-type.application";
		};
		FACAC39C2D94746900F7F7B8 /* XBikeAppSwiftUITests */ = {
			isa = PBXNativeTarget;
			buildConfigurationList = FACAC3B42D94746900F7F7B8 /* Build configuration list for PBXNativeTarget "XBikeAppSwiftUITests" */;
			buildPhases = (
				7AECD1E4DB696551842049E9 /* [CP] Check Pods Manifest.lock */,
				FACAC3992D94746900F7F7B8 /* Sources */,
				FACAC39A2D94746900F7F7B8 /* Frameworks */,
				FACAC39B2D94746900F7F7B8 /* Resources */,
			);
			buildRules = (
			);
			dependencies = (
				FACAC39F2D94746900F7F7B8 /* PBXTargetDependency */,
			);
			fileSystemSynchronizedGroups = (
				FACAC3A02D94746900F7F7B8 /* XBikeAppSwiftUITests */,
			);
			name = XBikeAppSwiftUITests;
			productName = XBikeAppSwiftUITests;
			productReference = FACAC39D2D94746900F7F7B8 /* XBikeAppSwiftUITests.xctest */;
			productType = "com.apple.product-type.bundle.unit-test";
		};
		FACAC3A62D94746900F7F7B8 /* XBikeAppSwiftUIUITests */ = {
			isa = PBXNativeTarget;
			buildConfigurationList = FACAC3B72D94746900F7F7B8 /* Build configuration list for PBXNativeTarget "XBikeAppSwiftUIUITests" */;
			buildPhases = (
				F3C8637D0195B8A554A7DD5E /* [CP] Check Pods Manifest.lock */,
				FACAC3A32D94746900F7F7B8 /* Sources */,
				FACAC3A42D94746900F7F7B8 /* Frameworks */,
				FACAC3A52D94746900F7F7B8 /* Resources */,
				96B2C3472374A54D95E72FED /* [CP] Copy Pods Resources */,
			);
			buildRules = (
			);
			dependencies = (
				FACAC3A92D94746900F7F7B8 /* PBXTargetDependency */,
			);
			fileSystemSynchronizedGroups = (
				FACAC3AA2D94746900F7F7B8 /* XBikeAppSwiftUIUITests */,
			);
			name = XBikeAppSwiftUIUITests;
			productName = XBikeAppSwiftUIUITests;
			productReference = FACAC3A72D94746900F7F7B8 /* XBikeAppSwiftUIUITests.xctest */;
			productType = "com.apple.product-type.bundle.ui-testing";
		};
/* End PBXNativeTarget section */

/* Begin PBXProject section */
		FACAC3852D94746700F7F7B8 /* Project object */ = {
			isa = PBXProject;
			attributes = {
				BuildIndependentTargetsInParallel = 1;
				LastSwiftUpdateCheck = 1610;
				LastUpgradeCheck = 1610;
				TargetAttributes = {
					FACAC38C2D94746800F7F7B8 = {
						CreatedOnToolsVersion = 16.1;
					};
					FACAC39C2D94746900F7F7B8 = {
						CreatedOnToolsVersion = 16.1;
						TestTargetID = FACAC38C2D94746800F7F7B8;
					};
					FACAC3A62D94746900F7F7B8 = {
						CreatedOnToolsVersion = 16.1;
						TestTargetID = FACAC38C2D94746800F7F7B8;
					};
				};
			};
			buildConfigurationList = FACAC3882D94746700F7F7B8 /* Build configuration list for PBXProject "XBikeAppSwiftUI" */;
			developmentRegion = en;
			hasScannedForEncodings = 0;
			knownRegions = (
				en,
				Base,
			);
			mainGroup = FACAC3842D94746700F7F7B8;
			minimizedProjectReferenceProxies = 1;
			preferredProjectObjectVersion = 77;
			productRefGroup = FACAC38E2D94746800F7F7B8 /* Products */;
			projectDirPath = "";
			projectRoot = "";
			targets = (
				FACAC38C2D94746800F7F7B8 /* XBikeAppSwiftUI */,
				FACAC39C2D94746900F7F7B8 /* XBikeAppSwiftUITests */,
				FACAC3A62D94746900F7F7B8 /* XBikeAppSwiftUIUITests */,
			);
		};
/* End PBXProject section */

/* Begin PBXResourcesBuildPhase section */
		FACAC38B2D94746800F7F7B8 /* Resources */ = {
			isa = PBXResourcesBuildPhase;
			buildActionMask = 2147483647;
			files = (
			);
			runOnlyForDeploymentPostprocessing = 0;
		};
		FACAC39B2D94746900F7F7B8 /* Resources */ = {
			isa = PBXResourcesBuildPhase;
			buildActionMask = 2147483647;
			files = (
			);
			runOnlyForDeploymentPostprocessing = 0;
		};
		FACAC3A52D94746900F7F7B8 /* Resources */ = {
			isa = PBXResourcesBuildPhase;
			buildActionMask = 2147483647;
			files = (
			);
			runOnlyForDeploymentPostprocessing = 0;
		};
/* End PBXResourcesBuildPhase section */

/* Begin PBXShellScriptBuildPhase section */
		318D524CBB67D3D3C0A986CE /* [CP] Copy Pods Resources */ = {
			isa = PBXShellScriptBuildPhase;
			buildActionMask = 2147483647;
			files = (
			);
			inputFileListPaths = (
				"${PODS_ROOT}/Target Support Files/Pods-XBikeAppSwiftUI/Pods-XBikeAppSwiftUI-resources-${CONFIGURATION}-input-files.xcfilelist",
			);
			name = "[CP] Copy Pods Resources";
			outputFileListPaths = (
				"${PODS_ROOT}/Target Support Files/Pods-XBikeAppSwiftUI/Pods-XBikeAppSwiftUI-resources-${CONFIGURATION}-output-files.xcfilelist",
			);
			runOnlyForDeploymentPostprocessing = 0;
			shellPath = /bin/sh;
			shellScript = "\"${PODS_ROOT}/Target Support Files/Pods-XBikeAppSwiftUI/Pods-XBikeAppSwiftUI-resources.sh\"\n";
			showEnvVarsInLog = 0;
		};
		7AECD1E4DB696551842049E9 /* [CP] Check Pods Manifest.lock */ = {
			isa = PBXShellScriptBuildPhase;
			buildActionMask = 2147483647;
			files = (
			);
			inputFileListPaths = (
			);
			inputPaths = (
				"${PODS_PODFILE_DIR_PATH}/Podfile.lock",
				"${PODS_ROOT}/Manifest.lock",
			);
			name = "[CP] Check Pods Manifest.lock";
			outputFileListPaths = (
			);
			outputPaths = (
				"$(DERIVED_FILE_DIR)/Pods-XBikeAppSwiftUITests-checkManifestLockResult.txt",
			);
			runOnlyForDeploymentPostprocessing = 0;
			shellPath = /bin/sh;
			shellScript = "diff \"${PODS_PODFILE_DIR_PATH}/Podfile.lock\" \"${PODS_ROOT}/Manifest.lock\" > /dev/null\nif [ $? != 0 ] ; then\n    # print error to STDERR\n    echo \"error: The sandbox is not in sync with the Podfile.lock. Run 'pod install' or update your CocoaPods installation.\" >&2\n    exit 1\nfi\n# This output is used by Xcode 'outputs' to avoid re-running this script phase.\necho \"SUCCESS\" > \"${SCRIPT_OUTPUT_FILE_0}\"\n";
			showEnvVarsInLog = 0;
		};
		8AFD7E3202610DBA761EA44F /* [CP] Check Pods Manifest.lock */ = {
			isa = PBXShellScriptBuildPhase;
			buildActionMask = 2147483647;
			files = (
			);
			inputFileListPaths = (
			);
			inputPaths = (
				"${PODS_PODFILE_DIR_PATH}/Podfile.lock",
				"${PODS_ROOT}/Manifest.lock",
			);
			name = "[CP] Check Pods Manifest.lock";
			outputFileListPaths = (
			);
			outputPaths = (
				"$(DERIVED_FILE_DIR)/Pods-XBikeAppSwiftUI-checkManifestLockResult.txt",
			);
			runOnlyForDeploymentPostprocessing = 0;
			shellPath = /bin/sh;
			shellScript = "diff \"${PODS_PODFILE_DIR_PATH}/Podfile.lock\" \"${PODS_ROOT}/Manifest.lock\" > /dev/null\nif [ $? != 0 ] ; then\n    # print error to STDERR\n    echo \"error: The sandbox is not in sync with the Podfile.lock. Run 'pod install' or update your CocoaPods installation.\" >&2\n    exit 1\nfi\n# This output is used by Xcode 'outputs' to avoid re-running this script phase.\necho \"SUCCESS\" > \"${SCRIPT_OUTPUT_FILE_0}\"\n";
			showEnvVarsInLog = 0;
		};
		96B2C3472374A54D95E72FED /* [CP] Copy Pods Resources */ = {
			isa = PBXShellScriptBuildPhase;
			buildActionMask = 2147483647;
			files = (
			);
			inputFileListPaths = (
				"${PODS_ROOT}/Target Support Files/Pods-XBikeAppSwiftUI-XBikeAppSwiftUIUITests/Pods-XBikeAppSwiftUI-XBikeAppSwiftUIUITests-resources-${CONFIGURATION}-input-files.xcfilelist",
			);
			name = "[CP] Copy Pods Resources";
			outputFileListPaths = (
				"${PODS_ROOT}/Target Support Files/Pods-XBikeAppSwiftUI-XBikeAppSwiftUIUITests/Pods-XBikeAppSwiftUI-XBikeAppSwiftUIUITests-resources-${CONFIGURATION}-output-files.xcfilelist",
			);
			runOnlyForDeploymentPostprocessing = 0;
			shellPath = /bin/sh;
			shellScript = "\"${PODS_ROOT}/Target Support Files/Pods-XBikeAppSwiftUI-XBikeAppSwiftUIUITests/Pods-XBikeAppSwiftUI-XBikeAppSwiftUIUITests-resources.sh\"\n";
			showEnvVarsInLog = 0;
		};
		F3C8637D0195B8A554A7DD5E /* [CP] Check Pods Manifest.lock */ = {
			isa = PBXShellScriptBuildPhase;
			buildActionMask = 2147483647;
			files = (
			);
			inputFileListPaths = (
			);
			inputPaths = (
				"${PODS_PODFILE_DIR_PATH}/Podfile.lock",
				"${PODS_ROOT}/Manifest.lock",
			);
			name = "[CP] Check Pods Manifest.lock";
			outputFileListPaths = (
			);
			outputPaths = (
				"$(DERIVED_FILE_DIR)/Pods-XBikeAppSwiftUI-XBikeAppSwiftUIUITests-checkManifestLockResult.txt",
			);
			runOnlyForDeploymentPostprocessing = 0;
			shellPath = /bin/sh;
			shellScript = "diff \"${PODS_PODFILE_DIR_PATH}/Podfile.lock\" \"${PODS_ROOT}/Manifest.lock\" > /dev/null\nif [ $? != 0 ] ; then\n    # print error to STDERR\n    echo \"error: The sandbox is not in sync with the Podfile.lock. Run 'pod install' or update your CocoaPods installation.\" >&2\n    exit 1\nfi\n# This output is used by Xcode 'outputs' to avoid re-running this script phase.\necho \"SUCCESS\" > \"${SCRIPT_OUTPUT_FILE_0}\"\n";
			showEnvVarsInLog = 0;
		};
/* End PBXShellScriptBuildPhase section */

/* Begin PBXSourcesBuildPhase section */
		FACAC3892D94746800F7F7B8 /* Sources */ = {
			isa = PBXSourcesBuildPhase;
			buildActionMask = 2147483647;
			files = (
			);
			runOnlyForDeploymentPostprocessing = 0;
		};
		FACAC3992D94746900F7F7B8 /* Sources */ = {
			isa = PBXSourcesBuildPhase;
			buildActionMask = 2147483647;
			files = (
			);
			runOnlyForDeploymentPostprocessing = 0;
		};
		FACAC3A32D94746900F7F7B8 /* Sources */ = {
			isa = PBXSourcesBuildPhase;
			buildActionMask = 2147483647;
			files = (
			);
			runOnlyForDeploymentPostprocessing = 0;
		};
/* End PBXSourcesBuildPhase section */

/* Begin PBXTargetDependency section */
		FACAC39F2D94746900F7F7B8 /* PBXTargetDependency */ = {
			isa = PBXTargetDependency;
			target = FACAC38C2D94746800F7F7B8 /* XBikeAppSwiftUI */;
			targetProxy = FACAC39E2D94746900F7F7B8 /* PBXContainerItemProxy */;
		};
		FACAC3A92D94746900F7F7B8 /* PBXTargetDependency */ = {
			isa = PBXTargetDependency;
			target = FACAC38C2D94746800F7F7B8 /* XBikeAppSwiftUI */;
			targetProxy = FACAC3A82D94746900F7F7B8 /* PBXContainerItemProxy */;
		};
/* End PBXTargetDependency section */

/* Begin XCBuildConfiguration section */
		FACAC3AF2D94746900F7F7B8 /* Debug */ = {
			isa = XCBuildConfiguration;
			buildSettings = {
				ALWAYS_SEARCH_USER_PATHS = NO;
				ASSETCATALOG_COMPILER_GENERATE_SWIFT_ASSET_SYMBOL_EXTENSIONS = YES;
				CLANG_ANALYZER_NONNULL = YES;
				CLANG_ANALYZER_NUMBER_OBJECT_CONVERSION = YES_AGGRESSIVE;
				CLANG_CXX_LANGUAGE_STANDARD = "gnu++20";
				CLANG_ENABLE_MODULES = YES;
				CLANG_ENABLE_OBJC_ARC = YES;
				CLANG_ENABLE_OBJC_WEAK = YES;
				CLANG_WARN_BLOCK_CAPTURE_AUTORELEASING = YES;
				CLANG_WARN_BOOL_CONVERSION = YES;
				CLANG_WARN_COMMA = YES;
				CLANG_WARN_CONSTANT_CONVERSION = YES;
				CLANG_WARN_DEPRECATED_OBJC_IMPLEMENTATIONS = YES;
				CLANG_WARN_DIRECT_OBJC_ISA_USAGE = YES_ERROR;
				CLANG_WARN_DOCUMENTATION_COMMENTS = YES;
				CLANG_WARN_EMPTY_BODY = YES;
				CLANG_WARN_ENUM_CONVERSION = YES;
				CLANG_WARN_INFINITE_RECURSION = YES;
				CLANG_WARN_INT_CONVERSION = YES;
				CLANG_WARN_NON_LITERAL_NULL_CONVERSION = YES;
				CLANG_WARN_OBJC_IMPLICIT_RETAIN_SELF = YES;
				CLANG_WARN_OBJC_LITERAL_CONVERSION = YES;
				CLANG_WARN_OBJC_ROOT_CLASS = YES_ERROR;
				CLANG_WARN_QUOTED_INCLUDE_IN_FRAMEWORK_HEADER = YES;
				CLANG_WARN_RANGE_LOOP_ANALYSIS = YES;
				CLANG_WARN_STRICT_PROTOTYPES = YES;
				CLANG_WARN_SUSPICIOUS_MOVE = YES;
				CLANG_WARN_UNGUARDED_AVAILABILITY = YES_AGGRESSIVE;
				CLANG_WARN_UNREACHABLE_CODE = YES;
				CLANG_WARN__DUPLICATE_METHOD_MATCH = YES;
				COPY_PHASE_STRIP = NO;
				DEBUG_INFORMATION_FORMAT = dwarf;
				ENABLE_STRICT_OBJC_MSGSEND = YES;
				ENABLE_TESTABILITY = YES;
				ENABLE_USER_SCRIPT_SANDBOXING = NO;
				GCC_C_LANGUAGE_STANDARD = gnu17;
				GCC_DYNAMIC_NO_PIC = NO;
				GCC_NO_COMMON_BLOCKS = YES;
				GCC_OPTIMIZATION_LEVEL = 0;
				GCC_PREPROCESSOR_DEFINITIONS = (
					"DEBUG=1",
					"$(inherited)",
				);
				GCC_WARN_64_TO_32_BIT_CONVERSION = YES;
				GCC_WARN_ABOUT_RETURN_TYPE = YES_ERROR;
				GCC_WARN_UNDECLARED_SELECTOR = YES;
				GCC_WARN_UNINITIALIZED_AUTOS = YES_AGGRESSIVE;
				GCC_WARN_UNUSED_FUNCTION = YES;
				GCC_WARN_UNUSED_VARIABLE = YES;
				IPHONEOS_DEPLOYMENT_TARGET = 18.1;
				LOCALIZATION_PREFERS_STRING_CATALOGS = YES;
				MTL_ENABLE_DEBUG_INFO = INCLUDE_SOURCE;
				MTL_FAST_MATH = YES;
				ONLY_ACTIVE_ARCH = YES;
				SDKROOT = iphoneos;
				SWIFT_ACTIVE_COMPILATION_CONDITIONS = "DEBUG $(inherited)";
				SWIFT_OPTIMIZATION_LEVEL = "-Onone";
			};
			name = Debug;
		};
		FACAC3B02D94746900F7F7B8 /* Release */ = {
			isa = XCBuildConfiguration;
			buildSettings = {
				ALWAYS_SEARCH_USER_PATHS = NO;
				ASSETCATALOG_COMPILER_GENERATE_SWIFT_ASSET_SYMBOL_EXTENSIONS = YES;
				CLANG_ANALYZER_NONNULL = YES;
				CLANG_ANALYZER_NUMBER_OBJECT_CONVERSION = YES_AGGRESSIVE;
				CLANG_CXX_LANGUAGE_STANDARD = "gnu++20";
				CLANG_ENABLE_MODULES = YES;
				CLANG_ENABLE_OBJC_ARC = YES;
				CLANG_ENABLE_OBJC_WEAK = YES;
				CLANG_WARN_BLOCK_CAPTURE_AUTORELEASING = YES;
				CLANG_WARN_BOOL_CONVERSION = YES;
				CLANG_WARN_COMMA = YES;
				CLANG_WARN_CONSTANT_CONVERSION = YES;
				CLANG_WARN_DEPRECATED_OBJC_IMPLEMENTATIONS = YES;
				CLANG_WARN_DIRECT_OBJC_ISA_USAGE = YES_ERROR;
				CLANG_WARN_DOCUMENTATION_COMMENTS = YES;
				CLANG_WARN_EMPTY_BODY = YES;
				CLANG_WARN_ENUM_CONVERSION = YES;
				CLANG_WARN_INFINITE_RECURSION = YES;
				CLANG_WARN_INT_CONVERSION = YES;
				CLANG_WARN_NON_LITERAL_NULL_CONVERSION = YES;
				CLANG_WARN_OBJC_IMPLICIT_RETAIN_SELF = YES;
				CLANG_WARN_OBJC_LITERAL_CONVERSION = YES;
				CLANG_WARN_OBJC_ROOT_CLASS = YES_ERROR;
				CLANG_WARN_QUOTED_INCLUDE_IN_FRAMEWORK_HEADER = YES;
				CLANG_WARN_RANGE_LOOP_ANALYSIS = YES;
				CLANG_WARN_STRICT_PROTOTYPES = YES;
				CLANG_WARN_SUSPICIOUS_MOVE = YES;
				CLANG_WARN_UNGUARDED_AVAILABILITY = YES_AGGRESSIVE;
				CLANG_WARN_UNREACHABLE_CODE = YES;
				CLANG_WARN__DUPLICATE_METHOD_MATCH = YES;
				COPY_PHASE_STRIP = NO;
				DEBUG_INFORMATION_FORMAT = "dwarf-with-dsym";
				ENABLE_NS_ASSERTIONS = NO;
				ENABLE_STRICT_OBJC_MSGSEND = YES;
				ENABLE_USER_SCRIPT_SANDBOXING = NO;
				GCC_C_LANGUAGE_STANDARD = gnu17;
				GCC_NO_COMMON_BLOCKS = YES;
				GCC_WARN_64_TO_32_BIT_CONVERSION = YES;
				GCC_WARN_ABOUT_RETURN_TYPE = YES_ERROR;
				GCC_WARN_UNDECLARED_SELECTOR = YES;
				GCC_WARN_UNINITIALIZED_AUTOS = YES_AGGRESSIVE;
				GCC_WARN_UNUSED_FUNCTION = YES;
				GCC_WARN_UNUSED_VARIABLE = YES;
				IPHONEOS_DEPLOYMENT_TARGET = 18.1;
				LOCALIZATION_PREFERS_STRING_CATALOGS = YES;
				MTL_ENABLE_DEBUG_INFO = NO;
				MTL_FAST_MATH = YES;
				SDKROOT = iphoneos;
				SWIFT_COMPILATION_MODE = wholemodule;
				VALIDATE_PRODUCT = YES;
			};
			name = Release;
		};
		FACAC3B22D94746900F7F7B8 /* Debug */ = {
			isa = XCBuildConfiguration;
			baseConfigurationReference = 667C30365619F320759A8A53 /* Pods-XBikeAppSwiftUI.debug.xcconfig */;
			buildSettings = {
				ASSETCATALOG_COMPILER_APPICON_NAME = AppIcon;
				ASSETCATALOG_COMPILER_GLOBAL_ACCENT_COLOR_NAME = AccentColor;
				CODE_SIGN_STYLE = Automatic;
				CURRENT_PROJECT_VERSION = 1;
				DEVELOPMENT_ASSET_PATHS = "\"XBikeAppSwiftUI/Preview Content\"";
				ENABLE_PREVIEWS = YES;
				GENERATE_INFOPLIST_FILE = YES;
				INFOPLIST_KEY_NSLocationAlwaysUsageDescription = "Need location for use the app";
				INFOPLIST_KEY_NSLocationWhenInUseUsageDescription = "Need location for use the app";
				INFOPLIST_KEY_UIApplicationSceneManifest_Generation = YES;
				INFOPLIST_KEY_UIApplicationSupportsIndirectInputEvents = YES;
				INFOPLIST_KEY_UILaunchScreen_Generation = YES;
				INFOPLIST_KEY_UISupportedInterfaceOrientations_iPad = "UIInterfaceOrientationPortrait UIInterfaceOrientationPortraitUpsideDown UIInterfaceOrientationLandscapeLeft UIInterfaceOrientationLandscapeRight";
				INFOPLIST_KEY_UISupportedInterfaceOrientations_iPhone = "UIInterfaceOrientationPortrait UIInterfaceOrientationLandscapeLeft UIInterfaceOrientationLandscapeRight";
				LD_RUNPATH_SEARCH_PATHS = (
					"$(inherited)",
					"@executable_path/Frameworks",
				);
				MARKETING_VERSION = 1.0;
				PRODUCT_BUNDLE_IDENTIFIER = com.sralexco.XBikeAppSwiftUI;
				PRODUCT_NAME = "$(TARGET_NAME)";
				SWIFT_EMIT_LOC_STRINGS = YES;
				SWIFT_VERSION = 5.0;
				TARGETED_DEVICE_FAMILY = "1,2";
			};
			name = Debug;
		};
		FACAC3B32D94746900F7F7B8 /* Release */ = {
			isa = XCBuildConfiguration;
			baseConfigurationReference = A6F8AF05361CA801D57E7E39 /* Pods-XBikeAppSwiftUI.release.xcconfig */;
			buildSettings = {
				ASSETCATALOG_COMPILER_APPICON_NAME = AppIcon;
				ASSETCATALOG_COMPILER_GLOBAL_ACCENT_COLOR_NAME = AccentColor;
				CODE_SIGN_STYLE = Automatic;
				CURRENT_PROJECT_VERSION = 1;
				DEVELOPMENT_ASSET_PATHS = "\"XBikeAppSwiftUI/Preview Content\"";
				ENABLE_PREVIEWS = YES;
				GENERATE_INFOPLIST_FILE = YES;
				INFOPLIST_KEY_NSLocationAlwaysUsageDescription = "Need location for use the app";
				INFOPLIST_KEY_NSLocationWhenInUseUsageDescription = "Need location for use the app";
				INFOPLIST_KEY_UIApplicationSceneManifest_Generation = YES;
				INFOPLIST_KEY_UIApplicationSupportsIndirectInputEvents = YES;
				INFOPLIST_KEY_UILaunchScreen_Generation = YES;
				INFOPLIST_KEY_UISupportedInterfaceOrientations_iPad = "UIInterfaceOrientationPortrait UIInterfaceOrientationPortraitUpsideDown UIInterfaceOrientationLandscapeLeft UIInterfaceOrientationLandscapeRight";
				INFOPLIST_KEY_UISupportedInterfaceOrientations_iPhone = "UIInterfaceOrientationPortrait UIInterfaceOrientationLandscapeLeft UIInterfaceOrientationLandscapeRight";
				LD_RUNPATH_SEARCH_PATHS = (
					"$(inherited)",
					"@executable_path/Frameworks",
				);
				MARKETING_VERSION = 1.0;
				PRODUCT_BUNDLE_IDENTIFIER = com.sralexco.XBikeAppSwiftUI;
				PRODUCT_NAME = "$(TARGET_NAME)";
				SWIFT_EMIT_LOC_STRINGS = YES;
				SWIFT_VERSION = 5.0;
				TARGETED_DEVICE_FAMILY = "1,2";
			};
			name = Release;
		};
		FACAC3B52D94746900F7F7B8 /* Debug */ = {
			isa = XCBuildConfiguration;
			baseConfigurationReference = FBACFB943195F8CEC9669C27 /* Pods-XBikeAppSwiftUITests.debug.xcconfig */;
			buildSettings = {
				BUNDLE_LOADER = "$(TEST_HOST)";
				CODE_SIGN_STYLE = Automatic;
				CURRENT_PROJECT_VERSION = 1;
				GENERATE_INFOPLIST_FILE = YES;
				IPHONEOS_DEPLOYMENT_TARGET = 18.1;
				MARKETING_VERSION = 1.0;
				PRODUCT_BUNDLE_IDENTIFIER = com.sralexco.XBikeAppSwiftUITests;
				PRODUCT_NAME = "$(TARGET_NAME)";
				SWIFT_EMIT_LOC_STRINGS = NO;
				SWIFT_VERSION = 5.0;
				TARGETED_DEVICE_FAMILY = "1,2";
				TEST_HOST = "$(BUILT_PRODUCTS_DIR)/XBikeAppSwiftUI.app/$(BUNDLE_EXECUTABLE_FOLDER_PATH)/XBikeAppSwiftUI";
			};
			name = Debug;
		};
		FACAC3B62D94746900F7F7B8 /* Release */ = {
			isa = XCBuildConfiguration;
			baseConfigurationReference = 6D522BF6E4843A3D433BDF28 /* Pods-XBikeAppSwiftUITests.release.xcconfig */;
			buildSettings = {
				BUNDLE_LOADER = "$(TEST_HOST)";
				CODE_SIGN_STYLE = Automatic;
				CURRENT_PROJECT_VERSION = 1;
				GENERATE_INFOPLIST_FILE = YES;
				IPHONEOS_DEPLOYMENT_TARGET = 18.1;
				MARKETING_VERSION = 1.0;
				PRODUCT_BUNDLE_IDENTIFIER = com.sralexco.XBikeAppSwiftUITests;
				PRODUCT_NAME = "$(TARGET_NAME)";
				SWIFT_EMIT_LOC_STRINGS = NO;
				SWIFT_VERSION = 5.0;
				TARGETED_DEVICE_FAMILY = "1,2";
				TEST_HOST = "$(BUILT_PRODUCTS_DIR)/XBikeAppSwiftUI.app/$(BUNDLE_EXECUTABLE_FOLDER_PATH)/XBikeAppSwiftUI";
			};
			name = Release;
		};
		FACAC3B82D94746900F7F7B8 /* Debug */ = {
			isa = XCBuildConfiguration;
			baseConfigurationReference = B371CFA1D04C8176EC73825A /* Pods-XBikeAppSwiftUI-XBikeAppSwiftUIUITests.debug.xcconfig */;
			buildSettings = {
				CODE_SIGN_STYLE = Automatic;
				CURRENT_PROJECT_VERSION = 1;
				GENERATE_INFOPLIST_FILE = YES;
				MARKETING_VERSION = 1.0;
				PRODUCT_BUNDLE_IDENTIFIER = com.sralexco.XBikeAppSwiftUIUITests;
				PRODUCT_NAME = "$(TARGET_NAME)";
				SWIFT_EMIT_LOC_STRINGS = NO;
				SWIFT_VERSION = 5.0;
				TARGETED_DEVICE_FAMILY = "1,2";
				TEST_TARGET_NAME = XBikeAppSwiftUI;
			};
			name = Debug;
		};
		FACAC3B92D94746900F7F7B8 /* Release */ = {
			isa = XCBuildConfiguration;
			baseConfigurationReference = CBBCE6D0443C52FCBB1A4397 /* Pods-XBikeAppSwiftUI-XBikeAppSwiftUIUITests.release.xcconfig */;
			buildSettings = {
				CODE_SIGN_STYLE = Automatic;
				CURRENT_PROJECT_VERSION = 1;
				GENERATE_INFOPLIST_FILE = YES;
				MARKETING_VERSION = 1.0;
				PRODUCT_BUNDLE_IDENTIFIER = com.sralexco.XBikeAppSwiftUIUITests;
				PRODUCT_NAME = "$(TARGET_NAME)";
				SWIFT_EMIT_LOC_STRINGS = NO;
				SWIFT_VERSION = 5.0;
				TARGETED_DEVICE_FAMILY = "1,2";
				TEST_TARGET_NAME = XBikeAppSwiftUI;
			};
			name = Release;
		};
/* End XCBuildConfiguration section */

/* Begin XCConfigurationList section */
		FACAC3882D94746700F7F7B8 /* Build configuration list for PBXProject "XBikeAppSwiftUI" */ = {
			isa = XCConfigurationList;
			buildConfigurations = (
				FACAC3AF2D94746900F7F7B8 /* Debug */,
				FACAC3B02D94746900F7F7B8 /* Release */,
			);
			defaultConfigurationIsVisible = 0;
			defaultConfigurationName = Release;
		};
		FACAC3B12D94746900F7F7B8 /* Build configuration list for PBXNativeTarget "XBikeAppSwiftUI" */ = {
			isa = XCConfigurationList;
			buildConfigurations = (
				FACAC3B22D94746900F7F7B8 /* Debug */,
				FACAC3B32D94746900F7F7B8 /* Release */,
			);
			defaultConfigurationIsVisible = 0;
			defaultConfigurationName = Release;
		};
		FACAC3B42D94746900F7F7B8 /* Build configuration list for PBXNativeTarget "XBikeAppSwiftUITests" */ = {
			isa = XCConfigurationList;
			buildConfigurations = (
				FACAC3B52D94746900F7F7B8 /* Debug */,
				FACAC3B62D94746900F7F7B8 /* Release */,
			);
			defaultConfigurationIsVisible = 0;
			defaultConfigurationName = Release;
		};
		FACAC3B72D94746900F7F7B8 /* Build configuration list for PBXNativeTarget "XBikeAppSwiftUIUITests" */ = {
			isa = XCConfigurationList;
			buildConfigurations = (
				FACAC3B82D94746900F7F7B8 /* Debug */,
				FACAC3B92D94746900F7F7B8 /* Release */,
			);
			defaultConfigurationIsVisible = 0;
			defaultConfigurationName = Release;
		};
/* End XCConfigurationList section */
	};
	rootObject = FACAC3852D94746700F7F7B8 /* Project object */;
}
